# THIS IS AN AUTOGENERATED FILE. DO NOT EDIT THIS FILE DIRECTLY.
# yarn lockfile v1


"@morphic-ts/adt@^1.5.0-alpha.0":
  version "1.5.0-alpha.0"
  resolved "https://registry.yarnpkg.com/@morphic-ts/adt/-/adt-1.5.0-alpha.0.tgz#ac2907a57f8912d9ec38e9f6ad1f3e549a443c7e"
  integrity sha512-uQUmnIRmoFvhOkOoqKovN5YntlbTzeyefTr4D4DDUjAERmYFVdbdeNZ+xeq9FbARqBSEcSZZeZeNXTBJuGbUSw==
  dependencies:
    fp-ts "^2.5.3"
    monocle-ts "^2.0.1"

"@morphic-ts/algebras@^1.4.0":
  version "1.4.0"
  resolved "https://registry.yarnpkg.com/@morphic-ts/algebras/-/algebras-1.4.0.tgz#71eef9bb6fb827390dc292f1e9614a7efd3b3f43"
  integrity sha512-R/ywhIh6LPgLbSsUbry5QyOwo4HEoj87qbfJl3BmyA8+WB2GmE4ItZV+YtLFZ983DUOaY/ZNVX545V0RmZXoWA==
  dependencies:
    "@morphic-ts/common" "^1.4.0"

"@morphic-ts/batteries@^1.8.0-alpha.0":
  version "1.8.0-alpha.0"
  resolved "https://registry.yarnpkg.com/@morphic-ts/batteries/-/batteries-1.8.0-alpha.0.tgz#7a14b9af02e41c9a29d46832def0700df991d0c3"
  integrity sha512-aV/w5dqlPtRLOcqB9xBrdmPUPHcLbnn88Be5h8sGm++9415b/EV6BHIg1T4T77cOJUZtVXy2iUTshsANoY7vNw==
  dependencies:
    "@morphic-ts/adt" "^1.5.0-alpha.0"
    "@morphic-ts/algebras" "^1.4.0"
    "@morphic-ts/common" "^1.4.0"
    "@morphic-ts/eq-interpreters" "^1.6.0-alpha.0"
    "@morphic-ts/fastcheck-interpreters" "^1.6.0-alpha.0"
    "@morphic-ts/io-ts-interpreters" "^1.6.0-alpha.0"
    "@morphic-ts/json-schema-interpreters" "^1.6.0-alpha.0"
    "@morphic-ts/model-algebras" "^1.6.0-alpha.0"
    "@morphic-ts/ord-interpreters" "^1.6.0-alpha.0"
    "@morphic-ts/show-interpreters" "^1.6.0-alpha.0"

"@morphic-ts/common@^1.4.0":
  version "1.4.0"
  resolved "https://registry.yarnpkg.com/@morphic-ts/common/-/common-1.4.0.tgz#c283390b6a1ee638af52016095b35bda8a3681f0"
  integrity sha512-V8nNazAGYXjPrglLc6vEd2FU8+0eNuGtbt0o/xRV9huLWkIP5NaTkacHhlAXXpyzH8J6hAusx1S3pRKL9/J7SQ==

"@morphic-ts/eq-interpreters@^1.6.0-alpha.0":
  version "1.6.0-alpha.0"
  resolved "https://registry.yarnpkg.com/@morphic-ts/eq-interpreters/-/eq-interpreters-1.6.0-alpha.0.tgz#eed5ca6e5ab1330c2913eef6788371743b8d6b53"
  integrity sha512-RaD5ylVWEJkHpqMtN7XkKWdt2kMWp9q187t4Zp4yHQiOWA+Ho3wPMmDNm3nGRsyVv4H/5sdEx8t0Y2ehjTcHhA==
  dependencies:
    "@morphic-ts/algebras" "^1.4.0"
    "@morphic-ts/common" "^1.4.0"
    "@morphic-ts/model-algebras" "^1.6.0-alpha.0"
    fast-equals "^2.0.0"

"@morphic-ts/fastcheck-interpreters@^1.6.0-alpha.0":
  version "1.6.0-alpha.0"
  resolved "https://registry.yarnpkg.com/@morphic-ts/fastcheck-interpreters/-/fastcheck-interpreters-1.6.0-alpha.0.tgz#e0352b40f2c88c55b645e4e17d92e4a24a62287b"
  integrity sha512-Elf4oyKbn433xPgJs6c4Cmch8wd3l288RPcWRRLJV1ICeyzs3mUl1UzLKZ0nBliFzqYzDJY3SKM1Z921b7gwVg==
  dependencies:
    "@morphic-ts/algebras" "^1.4.0"
    "@morphic-ts/common" "^1.4.0"
    "@morphic-ts/model-algebras" "^1.6.0-alpha.0"

"@morphic-ts/io-ts-interpreters@^1.6.0-alpha.0":
  version "1.6.0-alpha.0"
  resolved "https://registry.yarnpkg.com/@morphic-ts/io-ts-interpreters/-/io-ts-interpreters-1.6.0-alpha.0.tgz#fcc92a2d50080be7ff49d6335592a407a77958a7"
  integrity sha512-9Urd+rXNdGtCGLuxmjNUXz6dwAVCqc5+PN1rCC4id++XI9RqxFJczUTw6cieEruwjIOWrqKe2hrUyomYPGLe0w==
  dependencies:
    "@morphic-ts/algebras" "^1.4.0"
    "@morphic-ts/common" "^1.4.0"
    "@morphic-ts/model-algebras" "^1.6.0-alpha.0"

"@morphic-ts/json-schema-interpreters@^1.6.0-alpha.0":
  version "1.6.0-alpha.0"
  resolved "https://registry.yarnpkg.com/@morphic-ts/json-schema-interpreters/-/json-schema-interpreters-1.6.0-alpha.0.tgz#ad8fc0892ab2e765a512b0c079c3bd5a7619c9b7"
  integrity sha512-aO+ujTSWBT6j/vSQXmWjg3X39pMLKmQgbfAzAZWENxL6n/PSKJ/2sWUolvV9z5Gue3+q3dWajWVz8sBUPP5K7Q==
  dependencies:
    "@morphic-ts/algebras" "^1.4.0"
    "@morphic-ts/common" "^1.4.0"
    "@morphic-ts/model-algebras" "^1.6.0-alpha.0"

"@morphic-ts/model-algebras@^1.6.0-alpha.0":
  version "1.6.0-alpha.0"
  resolved "https://registry.yarnpkg.com/@morphic-ts/model-algebras/-/model-algebras-1.6.0-alpha.0.tgz#6a323727590136e8a5a4f18e4e25d88319344297"
  integrity sha512-n+sd5IBJ9Mu4Qo569kzPezZxSynnQIS8Frfo0hrvmQKyWfXYtUN906OX+jUtTXwvcmhZ5sWH/6dXccRamRce2A==
  dependencies:
    "@morphic-ts/algebras" "^1.4.0"
    "@morphic-ts/common" "^1.4.0"

"@morphic-ts/ord-interpreters@^1.6.0-alpha.0":
  version "1.6.0-alpha.0"
  resolved "https://registry.yarnpkg.com/@morphic-ts/ord-interpreters/-/ord-interpreters-1.6.0-alpha.0.tgz#9611430bff92664d6b82cc730863742ef6cb431c"
  integrity sha512-c9WwmJmSttLXAlL6WWF5JEd4ss7K+H8aQTvRkxrL9A8bgPONFMDjwEzO6ai/SM3S2Hk2J5ud7JbRWTgrVViTwQ==
  dependencies:
    "@morphic-ts/algebras" "^1.4.0"
    "@morphic-ts/common" "^1.4.0"
    "@morphic-ts/model-algebras" "^1.6.0-alpha.0"

"@morphic-ts/show-interpreters@^1.6.0-alpha.0":
  version "1.6.0-alpha.0"
  resolved "https://registry.yarnpkg.com/@morphic-ts/show-interpreters/-/show-interpreters-1.6.0-alpha.0.tgz#9553d6ccea85c982e854ab630535cdfc262a1911"
  integrity sha512-2AyWe80HjDWZa7KhUJ1nNih7BlM0q6ymxLiERmH+2VudDmYYcnicwzOHz82OhFQeZgsvEY6a1ZX6mgSnd8deRA==
  dependencies:
    "@morphic-ts/algebras" "^1.4.0"
    "@morphic-ts/common" "^1.4.0"
    "@morphic-ts/model-algebras" "^1.6.0-alpha.0"

"@types/node@^14.0.4":
  version "14.0.4"
  resolved "https://registry.yarnpkg.com/@types/node/-/node-14.0.4.tgz#43a63fc5edce226bed106b31b875165256271107"
  integrity sha512-k3NqigXWRzQZVBDS5D1U70A5E8Qk4Kh+Ha/x4M8Bt9pF0X05eggfnC9+63Usc9Q928hRUIpIhTQaXsZwZBl4Ew==

arg@^4.1.0:
  version "4.1.3"
  resolved "https://registry.yarnpkg.com/arg/-/arg-4.1.3.tgz#269fc7ad5b8e42cb63c896d5666017261c144089"
  integrity sha512-58S9QDqG0Xx27YwPSt9fJxivjYl432YCwfDMfZ+71RAqUrZef7LrKQZ3LHLOwCS4FLNBplP533Zx895SeOCHvA==

buffer-from@^1.0.0:
  version "1.1.1"
  resolved "https://registry.yarnpkg.com/buffer-from/-/buffer-from-1.1.1.tgz#32713bc028f75c02fdb710d7c7bcec1f2c6070ef"
  integrity sha512-MQcXEUbCKtEo7bhqEs6560Hyd4XaovZlO/k9V3hjVUF/zwW7KBVdSK4gIt/bzwS9MbR5qob+F5jusZsb0YQK2A==

diff@^4.0.1:
  version "4.0.2"
  resolved "https://registry.yarnpkg.com/diff/-/diff-4.0.2.tgz#60f3aecb89d5fae520c11aa19efc2bb982aade7d"
  integrity sha512-58lmxKSA4BNyLz+HHMUzlOEpg09FV+ev6ZMe3vJihgdxzgcwZ8VoEEPmALCZG9LmqfVoNMMKpttIYTVG6uDY7A==

fast-equals@^2.0.0:
  version "2.0.0"
  resolved "https://registry.yarnpkg.com/fast-equals/-/fast-equals-2.0.0.tgz#bef2c423af3939f2c54310df54c57e64cd2adefc"
  integrity sha512-u6RBd8cSiLLxAiC04wVsLV6GBFDOXcTCgWkd3wEoFXgidPSoAJENqC9m7Jb2vewSvjBIfXV6icKeh3GTKfIaXA==

fp-ts@^2.5.3:
  version "2.6.1"
  resolved "https://registry.yarnpkg.com/fp-ts/-/fp-ts-2.6.1.tgz#f2505a4b44a77a344a1e451c667383e42f3728de"
  integrity sha512-ZYOgqEOvUuO59rvItjf1OniEG4k/ClY3rd+AiuRYbl3skY4X/s7Oig25/wvORjycjeOjjr5OO+VcpprLQQOpIQ==

io-ts-types@^0.5.6:
  version "0.5.6"
  resolved "https://registry.yarnpkg.com/io-ts-types/-/io-ts-types-0.5.6.tgz#4d9afdf7220d865c5bf74f30d9b2fcf1d51f11e3"
  integrity sha512-E8mClvIN6sotGqICJQMyt8nMG9VkwejRYwOcKjAj5hndlWib9o8MRmP3HiyVK4Mn1lrpY6bB/B3LrMcV/HcWGQ==

io-ts@^2.2.2:
  version "2.2.2"
  resolved "https://registry.yarnpkg.com/io-ts/-/io-ts-2.2.2.tgz#82b9ef96d95a3fb27a1abf5f29f59b07cc9b8cca"
  integrity sha512-cXXIL4CR5/sWfKw/Ssc/cbZJGG13J4pJv9/RN6SlWJyh+foAPEUE0I9sWTX1kG24dvhiCM9fpO4F+2AsP+WzaQ==

make-error@^1.1.1:
  version "1.3.6"
  resolved "https://registry.yarnpkg.com/make-error/-/make-error-1.3.6.tgz#2eb2e37ea9b67c4891f684a1394799af484cf7a2"
  integrity sha512-s8UhlNe7vPKomQhC1qFelMokr/Sc3AgNbso3n74mVPA5LTZwkB9NlXf4XPamLxJE8h0gh73rM94xvwRT2CVInw==

monocle-ts@^2.0.1:
  version "2.1.0"
  resolved "https://registry.yarnpkg.com/monocle-ts/-/monocle-ts-2.1.0.tgz#5c1bbade7952b57e33f2179866467e87d9ed5977"
  integrity sha512-YWH8TDcZSEeCaxp0ZjgccLChnaDvTiUHILpuI0DSZeASYSCgwdz+h6+uEG4QCwYreGsn1oI18ysrcUPv6xWK7w==

source-map-support@^0.5.17:
  version "0.5.19"
  resolved "https://registry.yarnpkg.com/source-map-support/-/source-map-support-0.5.19.tgz#a98b62f86dcaf4f67399648c085291ab9e8fed61"
  integrity sha512-Wonm7zOCIJzBGQdB+thsPar0kYuCIzYvxZwlBa87yi/Mdjv7Tip2cyVbLj5o0cFPN4EVkuTwb3GDDyUx2DGnGw==
  dependencies:
    buffer-from "^1.0.0"
    source-map "^0.6.0"

source-map@^0.6.0:
  version "0.6.1"
  resolved "https://registry.yarnpkg.com/source-map/-/source-map-0.6.1.tgz#74722af32e9614e9c287a8d0bbde48b5e2f1a263"
  integrity sha512-UjgapumWlbMhkBgzT7Ykc5YXUT46F0iKu8SGXq0bcwP5dz/h0Plj6enJqjz1Zbq2l5WaqYnrVbwWOWMyF3F47g==

ts-node@^8.10.1:
  version "8.10.1"
  resolved "https://registry.yarnpkg.com/ts-node/-/ts-node-8.10.1.tgz#77da0366ff8afbe733596361d2df9a60fc9c9bd3"
  integrity sha512-bdNz1L4ekHiJul6SHtZWs1ujEKERJnHs4HxN7rjTyyVOFf3HaJ6sLqe6aPG62XTzAB/63pKRh5jTSWL0D7bsvw==
  dependencies:
    arg "^4.1.0"
    diff "^4.0.1"
    make-error "^1.1.1"
    source-map-support "^0.5.17"
    yn "3.1.1"

typescript@^3.9.3:
  version "3.9.3"
  resolved "https://registry.yarnpkg.com/typescript/-/typescript-3.9.3.tgz#d3ac8883a97c26139e42df5e93eeece33d610b8a"
  integrity sha512-D/wqnB2xzNFIcoBG9FG8cXRDjiqSTbG2wd8DMZeQyJlP1vfTkIxH4GKveWaEBYySKIg+USu+E+EDIR47SqnaMQ==

yn@3.1.1:
  version "3.1.1"
  resolved "https://registry.yarnpkg.com/yn/-/yn-3.1.1.tgz#1e87401a09d767c1d5eab26a6e4c185182d2eb50"
  integrity sha512-Ux4ygGWsu2c7isFWe8Yu1YluJmqVhxqK2cLXNQA5AcC3QfbGNpM7fu0Y8b/z16pXLnFxZYvWhd3fhBY9DLmC6Q==
